{
  "name": "thrift-js",
  "version": "1.0.0",
  "lockfileVersion": 1,
  "requires": true,
  "dependencies": {
    "bluebird": {
      "version": "3.5.3",
      "resolved": "https://registry.npmjs.org/bluebird/-/bluebird-3.5.3.tgz",
      "integrity": "sha512-/qKPUQlaW1OyR51WeCPBvRnAlnZFUJkCSG5HzGnuIqhgyJtF+T94lFnn33eiazjRm2LAHVy2guNnaq48X9SJuw=="
    },
    "caching-map": {
      "version": "git+https://github.com/exposebox/caching-map.git#262242e4bebb312e90b1f81419f573f75ad28aa7"
    },
    "commander": {
      "version": "2.1.0",
      "resolved": "https://registry.npmjs.org/commander/-/commander-2.1.0.tgz",
      "integrity": "sha1-0SG7roYNmZKj1Re6lvVliOR8Z4E="
    },
    "csv-writer": {
      "version": "1.2.0",
      "resolved": "https://registry.npmjs.org/csv-writer/-/csv-writer-1.2.0.tgz",
      "integrity": "sha512-ZU7eZ26y7oIOXwFHhTNnT/tF6RXMdQnuTGofzNTe1cvXacZm3Ixd7Oa9mOp2f1t39Ezfzg0h5tqfOjXM180BOg=="
    },
    "debug": {
      "version": "3.2.6",
      "resolved": "https://registry.npmjs.org/debug/-/debug-3.2.6.tgz",
      "integrity": "sha512-mel+jf7nrtEl5Pn1Qx46zARXKDpBbvzezse7p7LqINmdoIk8PYP5SySaxEmYv6TZ0JyEKA1hsCId6DIhgITtWQ==",
      "requires": {
        "ms": "2.1.1"
      }
    },
    "generic-pool": {
      "version": "2.5.4",
      "resolved": "https://registry.npmjs.org/generic-pool/-/generic-pool-2.5.4.tgz",
      "integrity": "sha1-OMYYhRPhQDCUjsblz2VSPZd5KZs="
    },
    "luxon": {
      "version": "1.11.1",
      "resolved": "https://registry.npmjs.org/luxon/-/luxon-1.11.1.tgz",
      "integrity": "sha512-ZmfPxP91Swg5MmHOeV/hvdIWiUYm6LCySg0xVRBVtOHZdNqiD32qxUhMek4XbyyXWtKdGMUD+hW+o5pilbRVuA=="
    },
    "ms": {
      "version": "2.1.1",
      "resolved": "https://registry.npmjs.org/ms/-/ms-2.1.1.tgz",
      "integrity": "sha512-tgp+dl5cGk28utYktBsrFqA7HKgrhgPsg6Z/EfhWI4gl1Hwq8B/GmY/0oXZ6nF8hDVesS/FpnYaD/kOWhYQvyg=="
    },
    "nan": {
      "version": "1.0.0",
      "resolved": "https://registry.npmjs.org/nan/-/nan-1.0.0.tgz",
      "integrity": "sha1-riT4hQgY1mL8q1rPfzuVv6oszzg="
    },
    "node-int64": {
      "version": "0.3.3",
      "resolved": "https://registry.npmjs.org/node-int64/-/node-int64-0.3.3.tgz",
      "integrity": "sha1-LW5rLs5d6FiLQ9iNG8QbJs0fqE0="
    },
    "node-thrift2-hbase": {
      "version": "0.5.16",
      "resolved": "https://registry.npmjs.org/node-thrift2-hbase/-/node-thrift2-hbase-0.5.16.tgz",
      "integrity": "sha512-fBkPICgFpGHPZHZnbX/V5QADFyrr3L3quhdw5DZJP8ZXAN0YrzDKb2fYA6vmI7T53f2YER+oUjtN+T1aDzXyJA==",
      "requires": {
        "bluebird": "3.5.3",
        "caching-map": "git+https://github.com/exposebox/caching-map.git#262242e4bebb312e90b1f81419f573f75ad28aa7",
        "debug": "3.2.6",
        "generic-pool": "2.5.4",
        "ms": "2.1.1",
        "node-int64": "0.4.0",
        "thrift": "0.10.0",
        "underscore": "1.9.1"
      },
      "dependencies": {
        "node-int64": {
          "version": "0.4.0",
          "resolved": "https://registry.npmjs.org/node-int64/-/node-int64-0.4.0.tgz",
          "integrity": "sha1-h6kGXNs1XTGC2PlM4RGIuCXGijs="
        }
      }
    },
    "options": {
      "version": "0.0.6",
      "resolved": "https://registry.npmjs.org/options/-/options-0.0.6.tgz",
      "integrity": "sha1-7CLTEoBrtT5zF3Pnza788cZDEo8="
    },
    "q": {
      "version": "1.0.1",
      "resolved": "https://registry.npmjs.org/q/-/q-1.0.1.tgz",
      "integrity": "sha1-EYcq7t7okmgRCxCnGESP+xARKhQ="
    },
    "thrift": {
      "version": "0.10.0",
      "resolved": "https://registry.npmjs.org/thrift/-/thrift-0.10.0.tgz",
      "integrity": "sha1-M5r2WSFnezBWCqUdb3qxuAkck3Y=",
      "requires": {
        "node-int64": "0.3.3",
        "q": "1.0.1",
        "ws": "0.4.32"
      }
    },
    "tinycolor": {
      "version": "0.0.1",
      "resolved": "https://registry.npmjs.org/tinycolor/-/tinycolor-0.0.1.tgz",
      "integrity": "sha1-MgtaUtg6u1l42Bo+iH1K77FaYWQ="
    },
    "underscore": {
      "version": "1.9.1",
      "resolved": "https://registry.npmjs.org/underscore/-/underscore-1.9.1.tgz",
      "integrity": "sha512-5/4etnCkd9c8gwgowi5/om/mYO5ajCaOgdzj/oW+0eQV9WxKBDZw5+ycmKmeaTXjInS/W0BzpGLo2xR2aBwZdg=="
    },
    "ws": {
      "version": "0.4.32",
      "resolved": "https://registry.npmjs.org/ws/-/ws-0.4.32.tgz",
      "integrity": "sha1-eHphVEFPPJntg8V3IVOyD+sM7DI=",
      "requires": {
        "commander": "2.1.0",
        "nan": "1.0.0",
        "options": "0.0.6",
        "tinycolor": "0.0.1"
      }
    }
  }
}
